
Microsoft Visual Studio Solution File, Format Version 12.00
# Visual Studio Version 17
VisualStudioVersion = 17.9.34622.214
MinimumVisualStudioVersion = 10.0.40219.1
Project("{FAE04EC0-301F-11D3-BF4B-00C04F79EFBC}") = "Practica", "Practica\Practica.csproj", "{6BD0A4B0-9634-4F94-BC5F-861C7B5CD568}"
EndProject
Global
	GlobalSection(SolutionConfigurationPlatforms) = preSolution
		Debug|Any CPU = Debug|Any CPU
		Release|Any CPU = Release|Any CPU
	EndGlobalSection
	GlobalSection(ProjectConfigurationPlatforms) = postSolution
		{6BD0A4B0-9634-4F94-BC5F-861C7B5CD568}.Debug|Any CPU.ActiveCfg = Debug|Any CPU
		{6BD0A4B0-9634-4F94-BC5F-861C7B5CD568}.Debug|Any CPU.Build.0 = Debug|Any CPU
		{6BD0A4B0-9634-4F94-BC5F-861C7B5CD568}.Release|Any CPU.ActiveCfg = Release|Any CPU
		{6BD0A4B0-9634-4F94-BC5F-861C7B5CD568}.Release|Any CPU.Build.0 = Release|Any CPU
	EndGlobalSection
	GlobalSection(SolutionProperties) = preSolution
		HideSolutionNode = FALSE
	EndGlobalSection
	GlobalSection(ExtensibilityGlobals) = postSolution
		SolutionGuid = {117CEC9B-7E0F-49E3-BA58-C8550837792E}
	EndGlobalSection
EndGlobal
